{
  "name": "open-xchange-appsuite",
  "version": "7.6.0-1",
  "dependencies": {
    "assemble": {
      "version": "0.4.37",
      "from": "assemble@^0.4.17",
      "dependencies": {
        "assemble-handlebars": {
          "version": "0.2.3",
          "from": "assemble-handlebars@~0.2.0",
          "dependencies": {
            "lodash": {
              "version": "2.2.1",
              "from": "lodash@~2.2.1"
            },
            "handlebars": {
              "version": "1.3.0",
              "from": "handlebars@~1.3.0",
              "dependencies": {
                "optimist": {
                  "version": "0.3.7",
                  "from": "optimist@~0.3",
                  "dependencies": {
                    "wordwrap": {
                      "version": "0.0.2",
                      "from": "wordwrap@~0.0.2"
                    }
                  }
                },
                "uglify-js": {
                  "version": "2.3.6",
                  "from": "uglify-js@~2.3",
                  "dependencies": {
                    "source-map": {
                      "version": "0.1.33",
                      "from": "source-map@~0.1.7",
                      "dependencies": {
                        "amdefine": {
                          "version": "0.1.0",
                          "from": "amdefine@>=0.0.4"
                        }
                      }
                    }
                  }
                }
              }
            },
            "handlebars-helpers": {
              "version": "0.5.5",
              "from": "handlebars-helpers@~0.5.1",
              "dependencies": {
                "highlight.js": {
                  "version": "7.4.0",
                  "from": "highlight.js@~7.4.0"
                },
                "iconv-lite": {
                  "version": "0.2.11",
                  "from": "iconv-lite@~0.2.11"
                },
                "js-yaml": {
                  "version": "2.1.3",
                  "from": "js-yaml@~2.1.3",
                  "dependencies": {
                    "argparse": {
                      "version": "0.1.15",
                      "from": "argparse@~ 0.1.11",
                      "dependencies": {
                        "underscore": {
                          "version": "1.4.4",
                          "from": "underscore@~1.4.3"
                        }
                      }
                    },
                    "esprima": {
                      "version": "1.0.4",
                      "from": "esprima@~ 1.0.2"
                    }
                  }
                },
                "marked": {
                  "version": "0.2.10",
                  "from": "marked@~0.2.10"
                },
                "matchdep": {
                  "version": "0.3.0",
                  "from": "matchdep@~0.3.0",
                  "dependencies": {
                    "findup-sync": {
                      "version": "0.1.3",
                      "from": "findup-sync@~0.1.2",
                      "dependencies": {
                        "glob": {
                          "version": "3.2.9",
                          "from": "glob@~3.2.9",
                          "dependencies": {
                            "inherits": {
                              "version": "2.0.1",
                              "from": "inherits@2"
                            }
                          }
                        },
                        "lodash": {
                          "version": "2.4.1",
                          "from": "lodash@~2.4.1"
                        }
                      }
                    },
                    "resolve": {
                      "version": "0.5.1",
                      "from": "resolve@~0.5.1"
                    },
                    "stack-trace": {
                      "version": "0.0.7",
                      "from": "stack-trace@0.0.7"
                    },
                    "globule": {
                      "version": "0.1.0",
                      "from": "globule@~0.1.0",
                      "dependencies": {
                        "lodash": {
                          "version": "1.0.1",
                          "from": "lodash@~1.0.1"
                        },
                        "glob": {
                          "version": "3.1.21",
                          "from": "glob@~3.1.21",
                          "dependencies": {
                            "graceful-fs": {
                              "version": "1.2.3",
                              "from": "graceful-fs@~1.2.0"
                            },
                            "inherits": {
                              "version": "1.0.0",
                              "from": "inherits@1"
                            }
                          }
                        }
                      }
                    }
                  }
                },
                "matchkeys": {
                  "version": "0.1.3",
                  "from": "matchkeys@~0.1.3",
                  "dependencies": {
                    "lodash": {
                      "version": "1.3.1",
                      "from": "lodash@~1.3.1"
                    },
                    "matchdep": {
                      "version": "0.1.2",
                      "from": "matchdep@~0.1.2"
                    },
                    "chalk": {
                      "version": "0.2.1",
                      "from": "chalk@~0.2.1",
                      "dependencies": {
                        "has-color": {
                          "version": "0.1.7",
                          "from": "has-color@~0.1.0"
                        },
                        "ansi-styles": {
                          "version": "0.2.0",
                          "from": "ansi-styles@~0.2.0"
                        }
                      }
                    }
                  }
                },
                "minimatch": {
                  "version": "0.2.14",
                  "from": "minimatch@~0.2.11",
                  "dependencies": {
                    "lru-cache": {
                      "version": "2.5.0",
                      "from": "lru-cache@2"
                    },
                    "sigmund": {
                      "version": "1.0.0",
                      "from": "sigmund@~1.0.0"
                    }
                  }
                },
                "nap": {
                  "version": "0.7.19",
                  "from": "nap@~0.7.11",
                  "resolved": "https://registry.npmjs.org/nap/-/nap-0.7.19.tgz",
                  "dependencies": {
                    "coffee-script": {
                      "version": "1.7.1",
                      "from": "coffee-script@~1",
                      "dependencies": {
                        "mkdirp": {
                          "version": "0.3.5",
                          "from": "mkdirp@~0.3.5"
                        }
                      }
                    },
                    "underscore": {
                      "version": "1.6.0",
                      "from": "underscore@~1"
                    },
                    "uglify-js": {
                      "version": "2.4.13",
                      "from": "uglify-js@~2",
                      "dependencies": {
                        "source-map": {
                          "version": "0.1.33",
                          "from": "source-map@~0.1.33",
                          "dependencies": {
                            "amdefine": {
                              "version": "0.1.0",
                              "from": "amdefine@>=0.0.4"
                            }
                          }
                        },
                        "optimist": {
                          "version": "0.3.7",
                          "from": "optimist@~0.3.5",
                          "dependencies": {
                            "wordwrap": {
                              "version": "0.0.2",
                              "from": "wordwrap@~0.0.2"
                            }
                          }
                        },
                        "uglify-to-browserify": {
                          "version": "1.0.2",
                          "from": "uglify-to-browserify@~1.0.0"
                        }
                      }
                    },
                    "sqwish": {
                      "version": "0.2.2",
                      "from": "sqwish@>= 0.2.0"
                    },
                    "mkdirp": {
                      "version": "0.4.0",
                      "from": "mkdirp@>= 0.3.4"
                    },
                    "file": {
                      "version": "0.2.2",
                      "from": "file@>= 0.2.1"
                    },
                    "glob": {
                      "version": "3.2.9",
                      "from": "glob@~3",
                      "dependencies": {
                        "inherits": {
                          "version": "2.0.1",
                          "from": "inherits@2"
                        }
                      }
                    },
                    "rimraf": {
                      "version": "2.2.6",
                      "from": "rimraf@~2"
                    }
                  }
                },
                "sort-object": {
                  "version": "0.0.5",
                  "from": "sort-object@0.0.5"
                },
                "to": {
                  "version": "0.2.9",
                  "from": "to@~0.2.9",
                  "dependencies": {
                    "handy": {
                      "version": "0.0.13",
                      "from": "handy@>= 0.0.11"
                    },
                    "underscore": {
                      "version": "1.6.0",
                      "from": "underscore@>= 1.4.0"
                    },
                    "htmlparser": {
                      "version": "1.7.7",
                      "from": "htmlparser@>= 1.7.6"
                    },
                    "optimist": {
                      "version": "0.6.1",
                      "from": "optimist@>= 0.3.5",
                      "dependencies": {
                        "wordwrap": {
                          "version": "0.0.2",
                          "from": "wordwrap@~0.0.2"
                        },
                        "minimist": {
                          "version": "0.0.8",
                          "from": "minimist@~0.0.1"
                        }
                      }
                    }
                  }
                }
              }
            }
          }
        },
        "assemble-yaml": {
          "version": "0.1.8",
          "from": "assemble-yaml@~0.1.5",
          "dependencies": {
            "js-yaml": {
              "version": "2.1.3",
              "from": "js-yaml@~2.1.3",
              "dependencies": {
                "argparse": {
                  "version": "0.1.15",
                  "from": "argparse@~ 0.1.11",
                  "dependencies": {
                    "underscore": {
                      "version": "1.4.4",
                      "from": "underscore@~1.4.3"
                    }
                  }
                },
                "esprima": {
                  "version": "1.0.4",
                  "from": "esprima@~ 1.0.2"
                }
              }
            },
            "iconv-lite": {
              "version": "0.2.11",
              "from": "iconv-lite@~0.2.11"
            },
            "chalk": {
              "version": "0.2.1",
              "from": "chalk@~0.2.1",
              "dependencies": {
                "has-color": {
                  "version": "0.1.7",
                  "from": "has-color@~0.1.0"
                },
                "ansi-styles": {
                  "version": "0.2.0",
                  "from": "ansi-styles@~0.2.0"
                }
              }
            },
            "globule": {
              "version": "0.1.0",
              "from": "globule@~0.1.0",
              "dependencies": {
                "lodash": {
                  "version": "1.0.1",
                  "from": "lodash@~1.0.1"
                },
                "glob": {
                  "version": "3.1.21",
                  "from": "glob@~3.1.21",
                  "dependencies": {
                    "graceful-fs": {
                      "version": "1.2.3",
                      "from": "graceful-fs@~1.2.0"
                    },
                    "inherits": {
                      "version": "1.0.0",
                      "from": "inherits@1"
                    }
                  }
                },
                "minimatch": {
                  "version": "0.2.14",
                  "from": "minimatch@~0.2.11",
                  "dependencies": {
                    "lru-cache": {
                      "version": "2.5.0",
                      "from": "lru-cache@2"
                    },
                    "sigmund": {
                      "version": "1.0.0",
                      "from": "sigmund@~1.0.0"
                    }
                  }
                }
              }
            },
            "to": {
              "version": "0.2.9",
              "from": "to@~0.2.9",
              "dependencies": {
                "handy": {
                  "version": "0.0.13",
                  "from": "handy@>= 0.0.11"
                },
                "underscore": {
                  "version": "1.6.0",
                  "from": "underscore@>= 1.4.0"
                },
                "htmlparser": {
                  "version": "1.7.7",
                  "from": "htmlparser@>= 1.7.6"
                },
                "optimist": {
                  "version": "0.6.1",
                  "from": "optimist@>= 0.3.5",
                  "dependencies": {
                    "wordwrap": {
                      "version": "0.0.2",
                      "from": "wordwrap@~0.0.2"
                    },
                    "minimist": {
                      "version": "0.0.8",
                      "from": "minimist@~0.0.1"
                    }
                  }
                }
              }
            }
          }
        },
        "inflection": {
          "version": "1.2.7",
          "from": "inflection@~1.2.6"
        },
        "lodash": {
          "version": "1.3.1",
          "from": "lodash@~1.3.1"
        },
        "resolve-dep": {
          "version": "0.1.3",
          "from": "resolve-dep@~0.1.1",
          "dependencies": {
            "matchdep": {
              "version": "0.1.2",
              "from": "matchdep@~0.1.2",
              "dependencies": {
                "minimatch": {
                  "version": "0.2.14",
                  "from": "minimatch@~0.2.12",
                  "dependencies": {
                    "lru-cache": {
                      "version": "2.5.0",
                      "from": "lru-cache@2"
                    },
                    "sigmund": {
                      "version": "1.0.0",
                      "from": "sigmund@~1.0.0"
                    }
                  }
                }
              }
            }
          }
        },
        "underscore.string": {
          "version": "2.3.3",
          "from": "underscore.string@~2.3.3"
        },
        "async": {
          "version": "0.2.10",
          "from": "async@~0.2.9"
        }
      }
    },
    "jshint": {
      "version": "2.5.0",
      "from": "git://github.com/Open-Xchange-Frontend/jshint#0ffee4a9ae",
      "resolved": "git://github.com/Open-Xchange-Frontend/jshint#0ffee4a9ae1480198aff523ef2a84a4802201956",
      "dependencies": {
        "shelljs": {
          "version": "0.1.4",
          "from": "shelljs@0.1.x"
        },
        "underscore": {
          "version": "1.4.4",
          "from": "underscore@1.4.x"
        },
        "cli": {
          "version": "0.4.5",
          "from": "cli@0.4.x",
          "dependencies": {
            "glob": {
              "version": "3.2.9",
              "from": "glob@>= 3.1.4",
              "dependencies": {
                "inherits": {
                  "version": "2.0.1",
                  "from": "inherits@2"
                }
              }
            }
          }
        },
        "minimatch": {
          "version": "0.2.14",
          "from": "minimatch@0.x.x",
          "dependencies": {
            "lru-cache": {
              "version": "2.5.0",
              "from": "lru-cache@2"
            },
            "sigmund": {
              "version": "1.0.0",
              "from": "sigmund@~1.0.0"
            }
          }
        },
        "htmlparser2": {
          "version": "3.3.0",
          "from": "htmlparser2@3.3.x",
          "dependencies": {
            "domhandler": {
              "version": "2.1.0",
              "from": "domhandler@2.1"
            },
            "domutils": {
              "version": "1.1.6",
              "from": "domutils@1.1"
            },
            "domelementtype": {
              "version": "1.1.1",
              "from": "domelementtype@1"
            },
            "readable-stream": {
              "version": "1.0.27-1",
              "from": "readable-stream@1.0",
              "dependencies": {
                "core-util-is": {
                  "version": "1.0.1",
                  "from": "core-util-is@~1.0.0"
                },
                "isarray": {
                  "version": "0.0.1",
                  "from": "isarray@0.0.1"
                },
                "string_decoder": {
                  "version": "0.10.25-1",
                  "from": "string_decoder@~0.10.x"
                },
                "inherits": {
                  "version": "2.0.1",
                  "from": "inherits@2"
                }
              }
            }
          }
        },
        "console-browserify": {
          "version": "0.1.6",
          "from": "console-browserify@0.1.x"
        },
        "exit": {
          "version": "0.1.2",
          "from": "exit@0.1.x"
        },
        "strip-json-comments": {
          "version": "0.1.1",
          "from": "strip-json-comments@0.1.x"
        }
      }
    }
  }
}
